
Microsoft Visual Studio Solution File, Format Version 12.00
# Visual Studio Version 17
VisualStudioVersion = 17.6.33829.357
MinimumVisualStudioVersion = 10.0.40219.1
Project("{FAE04EC0-301F-11D3-BF4B-00C04F79EFBC}") = "AntiIdle", "AntiIdle\AntiIdle.csproj", "{2D66C2DB-F759-49B2-AB16-A8CF3A872AD5}"
EndProject
Global
	GlobalSection(SolutionConfigurationPlatforms) = preSolution
		Debug|Any CPU = Debug|Any CPU
		Release|Any CPU = Release|Any CPU
	EndGlobalSection
	GlobalSection(ProjectConfigurationPlatforms) = postSolution
		{2D66C2DB-F759-49B2-AB16-A8CF3A872AD5}.Debug|Any CPU.ActiveCfg = Debug|Any CPU
		{2D66C2DB-F759-49B2-AB16-A8CF3A872AD5}.Debug|Any CPU.Build.0 = Debug|Any CPU
		{2D66C2DB-F759-49B2-AB16-A8CF3A872AD5}.Release|Any CPU.ActiveCfg = Release|Any CPU
		{2D66C2DB-F759-49B2-AB16-A8CF3A872AD5}.Release|Any CPU.Build.0 = Release|Any CPU
	EndGlobalSection
	GlobalSection(SolutionProperties) = preSolution
		HideSolutionNode = FALSE
	EndGlobalSection
	GlobalSection(ExtensibilityGlobals) = postSolution
		SolutionGuid = {AC960549-F0FA-4610-8956-ABEF490A4381}
	EndGlobalSection
EndGlobal
